
Microsoft Visual Studio Solution File, Format Version 12.00
# Visual Studio Version 17
VisualStudioVersion = 17.14.36408.4
MinimumVisualStudioVersion = 10.0.40219.1
Project("{FAE04EC0-301F-11D3-BF4B-00C04F79EFBC}") = "Solution.Domain", "Solution.Domain\Solution.Domain.csproj", "{535E3DA3-1CAE-4E2E-AF64-F26FBF86B710}"
EndProject
Project("{FAE04EC0-301F-11D3-BF4B-00C04F79EFBC}") = "Solution.Application", "Solution.Application\Solution.Application.csproj", "{92C6A284-196E-4C16-A431-5B8DA69F0046}"
EndProject
Project("{FAE04EC0-301F-11D3-BF4B-00C04F79EFBC}") = "Solution.Infra", "Solution.Infra\Solution.Infra.csproj", "{74B1BCE6-A7C4-48C2-A8FD-1F9F059A15B2}"
EndProject
Project("{FAE04EC0-301F-11D3-BF4B-00C04F79EFBC}") = "Solution.Server", "Solution.Server\Solution.Server.csproj", "{D6B8879B-7D3A-4FA2-BCDE-96628DD00341}"
EndProject
Project("{2150E333-8FDC-42A3-9474-1A3956D46DE8}") = "sql", "sql", "{02EA681E-C7D8-13C7-8484-4AC65E1B71E8}"
	ProjectSection(SolutionItems) = preProject
		001_create_pacientes.sql = 001_create_pacientes.sql
	EndProjectSection
EndProject
Project("{FAE04EC0-301F-11D3-BF4B-00C04F79EFBC}") = "Solution.Testes", "Solution.Testes\Solution.Testes.csproj", "{EC0CC18D-EE87-4125-83C7-7E94BC315245}"
EndProject
Global
	GlobalSection(SolutionConfigurationPlatforms) = preSolution
		Debug|Any CPU = Debug|Any CPU
		Release|Any CPU = Release|Any CPU
	EndGlobalSection
	GlobalSection(ProjectConfigurationPlatforms) = postSolution
		{535E3DA3-1CAE-4E2E-AF64-F26FBF86B710}.Debug|Any CPU.ActiveCfg = Debug|Any CPU
		{535E3DA3-1CAE-4E2E-AF64-F26FBF86B710}.Debug|Any CPU.Build.0 = Debug|Any CPU
		{535E3DA3-1CAE-4E2E-AF64-F26FBF86B710}.Release|Any CPU.ActiveCfg = Release|Any CPU
		{535E3DA3-1CAE-4E2E-AF64-F26FBF86B710}.Release|Any CPU.Build.0 = Release|Any CPU
		{92C6A284-196E-4C16-A431-5B8DA69F0046}.Debug|Any CPU.ActiveCfg = Debug|Any CPU
		{92C6A284-196E-4C16-A431-5B8DA69F0046}.Debug|Any CPU.Build.0 = Debug|Any CPU
		{92C6A284-196E-4C16-A431-5B8DA69F0046}.Release|Any CPU.ActiveCfg = Release|Any CPU
		{92C6A284-196E-4C16-A431-5B8DA69F0046}.Release|Any CPU.Build.0 = Release|Any CPU
		{74B1BCE6-A7C4-48C2-A8FD-1F9F059A15B2}.Debug|Any CPU.ActiveCfg = Debug|Any CPU
		{74B1BCE6-A7C4-48C2-A8FD-1F9F059A15B2}.Debug|Any CPU.Build.0 = Debug|Any CPU
		{74B1BCE6-A7C4-48C2-A8FD-1F9F059A15B2}.Release|Any CPU.ActiveCfg = Release|Any CPU
		{74B1BCE6-A7C4-48C2-A8FD-1F9F059A15B2}.Release|Any CPU.Build.0 = Release|Any CPU
		{D6B8879B-7D3A-4FA2-BCDE-96628DD00341}.Debug|Any CPU.ActiveCfg = Debug|Any CPU
		{D6B8879B-7D3A-4FA2-BCDE-96628DD00341}.Debug|Any CPU.Build.0 = Debug|Any CPU
		{D6B8879B-7D3A-4FA2-BCDE-96628DD00341}.Release|Any CPU.ActiveCfg = Release|Any CPU
		{D6B8879B-7D3A-4FA2-BCDE-96628DD00341}.Release|Any CPU.Build.0 = Release|Any CPU
		{EC0CC18D-EE87-4125-83C7-7E94BC315245}.Debug|Any CPU.ActiveCfg = Debug|Any CPU
		{EC0CC18D-EE87-4125-83C7-7E94BC315245}.Debug|Any CPU.Build.0 = Debug|Any CPU
		{EC0CC18D-EE87-4125-83C7-7E94BC315245}.Release|Any CPU.ActiveCfg = Release|Any CPU
		{EC0CC18D-EE87-4125-83C7-7E94BC315245}.Release|Any CPU.Build.0 = Release|Any CPU
	EndGlobalSection
	GlobalSection(SolutionProperties) = preSolution
		HideSolutionNode = FALSE
	EndGlobalSection
	GlobalSection(ExtensibilityGlobals) = postSolution
		SolutionGuid = {51EE2DAB-9112-413B-B95B-0480D6381897}
	EndGlobalSection
EndGlobal
